
Microsoft Visual Studio Solution File, Format Version 12.00
# Visual Studio Version 17
VisualStudioVersion = 17.6.33815.320
MinimumVisualStudioVersion = 10.0.40219.1
Project("{FAE04EC0-301F-11D3-BF4B-00C04F79EFBC}") = "ders 5.9", "ders 5.9\ders 5.9.csproj", "{8B0AE93E-02EB-48FF-A2AD-9CE633135D19}"
EndProject
Global
	GlobalSection(SolutionConfigurationPlatforms) = preSolution
		Debug|Any CPU = Debug|Any CPU
		Release|Any CPU = Release|Any CPU
	EndGlobalSection
	GlobalSection(ProjectConfigurationPlatforms) = postSolution
		{8B0AE93E-02EB-48FF-A2AD-9CE633135D19}.Debug|Any CPU.ActiveCfg = Debug|Any CPU
		{8B0AE93E-02EB-48FF-A2AD-9CE633135D19}.Debug|Any CPU.Build.0 = Debug|Any CPU
		{8B0AE93E-02EB-48FF-A2AD-9CE633135D19}.Release|Any CPU.ActiveCfg = Release|Any CPU
		{8B0AE93E-02EB-48FF-A2AD-9CE633135D19}.Release|Any CPU.Build.0 = Release|Any CPU
	EndGlobalSection
	GlobalSection(SolutionProperties) = preSolution
		HideSolutionNode = FALSE
	EndGlobalSection
	GlobalSection(ExtensibilityGlobals) = postSolution
		SolutionGuid = {80B90949-C61A-4137-AA9F-BB2626C2109F}
	EndGlobalSection
EndGlobal
