
Microsoft Visual Studio Solution File, Format Version 12.00
# Visual Studio Version 17
VisualStudioVersion = 17.6.33815.320
MinimumVisualStudioVersion = 10.0.40219.1
Project("{FAE04EC0-301F-11D3-BF4B-00C04F79EFBC}") = "ders 6.0", "ders 6.0\ders 6.0.csproj", "{13673121-35C5-4683-919A-03F6552E2745}"
EndProject
Global
	GlobalSection(SolutionConfigurationPlatforms) = preSolution
		Debug|Any CPU = Debug|Any CPU
		Release|Any CPU = Release|Any CPU
	EndGlobalSection
	GlobalSection(ProjectConfigurationPlatforms) = postSolution
		{13673121-35C5-4683-919A-03F6552E2745}.Debug|Any CPU.ActiveCfg = Debug|Any CPU
		{13673121-35C5-4683-919A-03F6552E2745}.Debug|Any CPU.Build.0 = Debug|Any CPU
		{13673121-35C5-4683-919A-03F6552E2745}.Release|Any CPU.ActiveCfg = Release|Any CPU
		{13673121-35C5-4683-919A-03F6552E2745}.Release|Any CPU.Build.0 = Release|Any CPU
	EndGlobalSection
	GlobalSection(SolutionProperties) = preSolution
		HideSolutionNode = FALSE
	EndGlobalSection
	GlobalSection(ExtensibilityGlobals) = postSolution
		SolutionGuid = {DA94706E-8B09-4760-BF72-DF907EE5B46E}
	EndGlobalSection
EndGlobal
