
Microsoft Visual Studio Solution File, Format Version 12.00
# Visual Studio Version 17
VisualStudioVersion = 17.6.33815.320
MinimumVisualStudioVersion = 10.0.40219.1
Project("{FAE04EC0-301F-11D3-BF4B-00C04F79EFBC}") = "ders 6.1", "ders 6.1\ders 6.1.csproj", "{12178397-267E-4DB7-A535-9A7A2453DD85}"
EndProject
Global
	GlobalSection(SolutionConfigurationPlatforms) = preSolution
		Debug|Any CPU = Debug|Any CPU
		Release|Any CPU = Release|Any CPU
	EndGlobalSection
	GlobalSection(ProjectConfigurationPlatforms) = postSolution
		{12178397-267E-4DB7-A535-9A7A2453DD85}.Debug|Any CPU.ActiveCfg = Debug|Any CPU
		{12178397-267E-4DB7-A535-9A7A2453DD85}.Debug|Any CPU.Build.0 = Debug|Any CPU
		{12178397-267E-4DB7-A535-9A7A2453DD85}.Release|Any CPU.ActiveCfg = Release|Any CPU
		{12178397-267E-4DB7-A535-9A7A2453DD85}.Release|Any CPU.Build.0 = Release|Any CPU
	EndGlobalSection
	GlobalSection(SolutionProperties) = preSolution
		HideSolutionNode = FALSE
	EndGlobalSection
	GlobalSection(ExtensibilityGlobals) = postSolution
		SolutionGuid = {B3643C5D-ECA9-4515-9B4D-3456F06DB1DF}
	EndGlobalSection
EndGlobal
