
Microsoft Visual Studio Solution File, Format Version 12.00
# Visual Studio Version 17
VisualStudioVersion = 17.6.33801.468
MinimumVisualStudioVersion = 10.0.40219.1
Project("{FAE04EC0-301F-11D3-BF4B-00C04F79EFBC}") = "Ders 4.7", "Ders 4.7\Ders 4.7.csproj", "{D039D8F7-E2D7-44C8-8B71-2D3CA9AA9CFD}"
EndProject
Global
	GlobalSection(SolutionConfigurationPlatforms) = preSolution
		Debug|Any CPU = Debug|Any CPU
		Release|Any CPU = Release|Any CPU
	EndGlobalSection
	GlobalSection(ProjectConfigurationPlatforms) = postSolution
		{D039D8F7-E2D7-44C8-8B71-2D3CA9AA9CFD}.Debug|Any CPU.ActiveCfg = Debug|Any CPU
		{D039D8F7-E2D7-44C8-8B71-2D3CA9AA9CFD}.Debug|Any CPU.Build.0 = Debug|Any CPU
		{D039D8F7-E2D7-44C8-8B71-2D3CA9AA9CFD}.Release|Any CPU.ActiveCfg = Release|Any CPU
		{D039D8F7-E2D7-44C8-8B71-2D3CA9AA9CFD}.Release|Any CPU.Build.0 = Release|Any CPU
	EndGlobalSection
	GlobalSection(SolutionProperties) = preSolution
		HideSolutionNode = FALSE
	EndGlobalSection
	GlobalSection(ExtensibilityGlobals) = postSolution
		SolutionGuid = {DF3AC3F1-1F42-45E0-9D5D-D9EE82A8B470}
	EndGlobalSection
EndGlobal
